
Microsoft Visual Studio Solution File, Format Version 12.00
# Visual Studio Version 16
VisualStudioVersion = 16.0.29709.97
MinimumVisualStudioVersion = 10.0.40219.1
Project("{FAE04EC0-301F-11D3-BF4B-00C04F79EFBC}") = "BlazorApp31", "BlazorApp31\BlazorApp31.csproj", "{608F0D71-099F-454E-BFE2-2E2E5F478DF9}"
EndProject
Global
	GlobalSection(SolutionConfigurationPlatforms) = preSolution
		Debug|Any CPU = Debug|Any CPU
		Release|Any CPU = Release|Any CPU
	EndGlobalSection
	GlobalSection(ProjectConfigurationPlatforms) = postSolution
		{608F0D71-099F-454E-BFE2-2E2E5F478DF9}.Debug|Any CPU.ActiveCfg = Debug|Any CPU
		{608F0D71-099F-454E-BFE2-2E2E5F478DF9}.Debug|Any CPU.Build.0 = Debug|Any CPU
		{608F0D71-099F-454E-BFE2-2E2E5F478DF9}.Release|Any CPU.ActiveCfg = Release|Any CPU
		{608F0D71-099F-454E-BFE2-2E2E5F478DF9}.Release|Any CPU.Build.0 = Release|Any CPU
	EndGlobalSection
	GlobalSection(SolutionProperties) = preSolution
		HideSolutionNode = FALSE
	EndGlobalSection
	GlobalSection(ExtensibilityGlobals) = postSolution
		SolutionGuid = {4BD6C40A-2656-4D56-ACE2-6C82B81E5E93}
	EndGlobalSection
EndGlobal
